
Microsoft Visual Studio Solution File, Format Version 12.00
# Visual Studio Version 17
VisualStudioVersion = 17.3.32922.545
MinimumVisualStudioVersion = 10.0.40219.1
Project("{FAE04EC0-301F-11D3-BF4B-00C04F79EFBC}") = "FLWebAPIPrueba", "FLWebAPIPrueba.csproj", "{460D5D0F-EEFE-4383-869D-E93FE4195309}"
EndProject
Project("{FAE04EC0-301F-11D3-BF4B-00C04F79EFBC}") = "FLappMaui", "..\FLappMaui\FLappMaui.csproj", "{D43AAC91-DE81-4B4C-AB45-F1EAC5047B88}"
EndProject
Global
	GlobalSection(SolutionConfigurationPlatforms) = preSolution
		Debug|Any CPU = Debug|Any CPU
		Release|Any CPU = Release|Any CPU
	EndGlobalSection
	GlobalSection(ProjectConfigurationPlatforms) = postSolution
		{460D5D0F-EEFE-4383-869D-E93FE4195309}.Debug|Any CPU.ActiveCfg = Debug|Any CPU
		{460D5D0F-EEFE-4383-869D-E93FE4195309}.Debug|Any CPU.Build.0 = Debug|Any CPU
		{460D5D0F-EEFE-4383-869D-E93FE4195309}.Release|Any CPU.ActiveCfg = Release|Any CPU
		{460D5D0F-EEFE-4383-869D-E93FE4195309}.Release|Any CPU.Build.0 = Release|Any CPU
		{D43AAC91-DE81-4B4C-AB45-F1EAC5047B88}.Debug|Any CPU.ActiveCfg = Debug|Any CPU
		{D43AAC91-DE81-4B4C-AB45-F1EAC5047B88}.Debug|Any CPU.Build.0 = Debug|Any CPU
		{D43AAC91-DE81-4B4C-AB45-F1EAC5047B88}.Debug|Any CPU.Deploy.0 = Debug|Any CPU
		{D43AAC91-DE81-4B4C-AB45-F1EAC5047B88}.Release|Any CPU.ActiveCfg = Release|Any CPU
		{D43AAC91-DE81-4B4C-AB45-F1EAC5047B88}.Release|Any CPU.Build.0 = Release|Any CPU
		{D43AAC91-DE81-4B4C-AB45-F1EAC5047B88}.Release|Any CPU.Deploy.0 = Release|Any CPU
	EndGlobalSection
	GlobalSection(SolutionProperties) = preSolution
		HideSolutionNode = FALSE
	EndGlobalSection
	GlobalSection(ExtensibilityGlobals) = postSolution
		SolutionGuid = {B299440E-8EAE-4AE0-BF28-6A456D3A5F19}
	EndGlobalSection
EndGlobal
